
Microsoft Visual Studio Solution File, Format Version 12.00
# Visual Studio Version 17
VisualStudioVersion = 17.0.31919.166
MinimumVisualStudioVersion = 10.0.40219.1
Project("{FAE04EC0-301F-11D3-BF4B-00C04F79EFBC}") = "Mirle.MPLC.MCProtocol", "Mirle.MPLC.MCProtocol\Mirle.MPLC.MCProtocol.csproj", "{10DA0E99-FD46-4C3F-A87A-C5B66FCB4A87}"
EndProject
Project("{FAE04EC0-301F-11D3-BF4B-00C04F79EFBC}") = "WCS_API_Server", "WCS_API_Server\WCS_API_Server.csproj", "{9F191071-9953-42EA-A7DB-8E525821462E}"
EndProject
Project("{FAE04EC0-301F-11D3-BF4B-00C04F79EFBC}") = "Mirle.Structure", "Mirle.Structure\Mirle.Structure.csproj", "{0A0D222E-0C76-4838-A8B1-6CA6F26CB225}"
EndProject
Project("{FAE04EC0-301F-11D3-BF4B-00C04F79EFBC}") = "Mirle.DB.Object", "Mirle.DB.Object\Mirle.DB.Object.csproj", "{25DDA85B-35BE-429D-81B4-025731C0E826}"
EndProject
Project("{FAE04EC0-301F-11D3-BF4B-00C04F79EFBC}") = "Mirle.DB.Fun", "Mirle.DB.Fun\Mirle.DB.Fun.csproj", "{C40166B0-0F5D-4535-94A7-699764A59A83}"
EndProject
Project("{FAE04EC0-301F-11D3-BF4B-00C04F79EFBC}") = "WCS_API_Client", "WCS_API_Client\WCS_API_Client.csproj", "{C09122BB-250E-4FE2-9880-1620A2B6CEA4}"
EndProject
Project("{FAE04EC0-301F-11D3-BF4B-00C04F79EFBC}") = "Mirle.Def.T26YGAP0", "Mirle.Def.T26YGAP0\Mirle.Def.T26YGAP0.csproj", "{E6F732FE-3905-49A7-B2CF-B4FA79C2DC5D}"
EndProject
Project("{FAE04EC0-301F-11D3-BF4B-00C04F79EFBC}") = "Mirle.ASRS.WCS", "Mirle.ASRS.WCS\Mirle.ASRS.WCS.csproj", "{5F40F10A-F4CB-4056-8BA2-0D497FBE032B}"
EndProject
Project("{FAE04EC0-301F-11D3-BF4B-00C04F79EFBC}") = "Mirle.DB.ClearCmd.Proc", "Mirle.DB.ClearCmd.Proc\Mirle.DB.ClearCmd.Proc.csproj", "{31DEB747-36CA-4A92-8DF1-89EEE47A0FA4}"
EndProject
Project("{FAE04EC0-301F-11D3-BF4B-00C04F79EFBC}") = "Mirle.Grid", "Mirle.Grid\Mirle.Grid.csproj", "{8AB5FAC9-7CC2-4EEC-B583-39778E66CE1F}"
EndProject
Project("{FAE04EC0-301F-11D3-BF4B-00C04F79EFBC}") = "Mirle.Grid.T26YGAP0", "Mirle.Grid.T26YGAP0\Mirle.Grid.T26YGAP0.csproj", "{39A4C47B-C53B-4057-9DC5-93B8907639E8}"
EndProject
Project("{2150E333-8FDC-42A3-9474-1A3956D46DE8}") = "DLL", "DLL", "{B77665DF-BD94-48CE-8933-A2B5D28D5F10}"
	ProjectSection(SolutionItems) = preProject
		DLL\Package Source\asyncio.0.1.69.nupkg = DLL\Package Source\asyncio.0.1.69.nupkg
		DLL\Package Source\Castle.Core.4.4.1.nupkg = DLL\Package Source\Castle.Core.4.4.1.nupkg
		DLL\Package Source\Config.Net.4.13.7.nupkg = DLL\Package Source\Config.Net.4.13.7.nupkg
		DLL\Package Source\microsoft.data.sqlclient.3.0.1.nupkg = DLL\Package Source\microsoft.data.sqlclient.3.0.1.nupkg
		DLL\Package Source\Mirle.2.0.0.nupkg = DLL\Package Source\Mirle.2.0.0.nupkg
		DLL\Mirle.ASRS.Close.Program.exe = DLL\Mirle.ASRS.Close.Program.exe
		DLL\Package Source\Mirle.MPLC.MCProtocol.2.0.0.nupkg = DLL\Package Source\Mirle.MPLC.MCProtocol.2.0.0.nupkg
		DLL\Mirle.WriLog.dll = DLL\Mirle.WriLog.dll
		DLL\Package Source\netmq.4.0.0.207.nupkg = DLL\Package Source\netmq.4.0.0.207.nupkg
		DLL\Package Source\Oracle.ManagedDataAccess.19.13.0.nupkg = DLL\Package Source\Oracle.ManagedDataAccess.19.13.0.nupkg
		DLL\Package Source\Oracle.ManagedDataAccess.Core.2.19.130.nupkg = DLL\Package Source\Oracle.ManagedDataAccess.Core.2.19.130.nupkg
		DLL\Package Source\Stub.System.Data.SQLite.Core.NetFramework.1.0.115.5.nupkg = DLL\Package Source\Stub.System.Data.SQLite.Core.NetFramework.1.0.115.5.nupkg
		DLL\Package Source\Stub.System.Data.SQLite.Core.NetStandard.1.0.115.5.nupkg = DLL\Package Source\Stub.System.Data.SQLite.Core.NetStandard.1.0.115.5.nupkg
		DLL\System.Web.dll = DLL\System.Web.dll
		DLL\System.Web.Http.dll = DLL\System.Web.Http.dll
		DLL\System.Web.Http.Owin.dll = DLL\System.Web.Http.Owin.dll
	EndProjectSection
EndProject
Project("{FAE04EC0-301F-11D3-BF4B-00C04F79EFBC}") = "Mirle.DB.WMS.Proc", "Mirle.DB.WMS.Proc\Mirle.DB.WMS.Proc.csproj", "{553BD8CF-F4C1-4B39-97AB-42CC2F7C8187}"
EndProject
Project("{FAE04EC0-301F-11D3-BF4B-00C04F79EFBC}") = "Mirle.DB.Proc", "Mirle.DB.Proc\Mirle.DB.Proc.csproj", "{60C72719-D780-4BC8-9198-FC21C9754918}"
EndProject
Project("{FAE04EC0-301F-11D3-BF4B-00C04F79EFBC}") = "Mirle.Def", "Mirle.Def\Mirle.Def.csproj", "{906DA4EE-6B8D-40C7-BD49-A410FEB1D2C8}"
EndProject
Project("{FAE04EC0-301F-11D3-BF4B-00C04F79EFBC}") = "Mirle.DB.WMS.Fun", "Mirle.DB.WMS.Fun\Mirle.DB.WMS.Fun.csproj", "{AD4818FF-FEFA-48F2-A7FE-F1007D3CFBBC}"
EndProject
Project("{FAE04EC0-301F-11D3-BF4B-00C04F79EFBC}") = "Mirle.ASRS.WCS.Controller", "Mirle.ASRS.WCS.Controller\Mirle.ASRS.WCS.Controller.csproj", "{0BBE099E-8F0A-4712-A570-E90DD6EC7267}"
EndProject
Project("{FAE04EC0-301F-11D3-BF4B-00C04F79EFBC}") = "Mirle.ASRS.WCS.Model", "Mirle.ASRS.WCS.Model\Mirle.ASRS.WCS.Model.csproj", "{95116D24-80F9-4BDE-94CA-7F3567C76CDF}"
EndProject
Project("{2150E333-8FDC-42A3-9474-1A3956D46DE8}") = "Documents", "Documents", "{08D6C32B-6FB2-4B87-96FD-94DD19901C8F}"
EndProject
Project("{2150E333-8FDC-42A3-9474-1A3956D46DE8}") = "通訊協定", "通訊協定", "{B0F1BD7B-4A17-4254-9152-6DB17F5D76E7}"
	ProjectSection(SolutionItems) = preProject
		Documents\通訊協定\后科MSC PLC Handshaking v1.4.xlsx = Documents\通訊協定\后科MSC PLC Handshaking v1.4.xlsx
	EndProjectSection
EndProject
Project("{FAE04EC0-301F-11D3-BF4B-00C04F79EFBC}") = "Mirle.CENS.T26YGAP0", "Mirle.CENS.T26YGAP0\Mirle.CENS.T26YGAP0.csproj", "{DCBE44B8-7C23-4DBA-86AE-9CA5F9CB3774}"
EndProject
Project("{2150E333-8FDC-42A3-9474-1A3956D46DE8}") = "FileLayout", "FileLayout", "{099F4337-36A1-4962-8414-92CBD811E2E6}"
EndProject
Project("{9A19103F-16F7-4668-BE54-9A1E7A4F7556}") = "Mirle.IASC", "Mirle.IASC\Mirle.IASC.csproj", "{7D89F3EF-0FCA-4529-82C1-F5DEC4DB830A}"
EndProject
Project("{9A19103F-16F7-4668-BE54-9A1E7A4F7556}") = "IASCTest", "..\IASCTest\IASCTest.csproj", "{F439965F-F7A3-431B-8B1E-1FDB02AA31B9}"
EndProject
Project("{FAE04EC0-301F-11D3-BF4B-00C04F79EFBC}") = "TestConnect", "..\TestConnect\TestConnect.csproj", "{635863DE-4C01-4C8F-BB83-6086478F677B}"
EndProject
Project("{FAE04EC0-301F-11D3-BF4B-00C04F79EFBC}") = "HslCommunicationPLC", "WCS_New -2.0\HslCommunicationPLC\HslCommunicationPLC.csproj", "{30F65FAA-8471-4EC4-8EA3-5A4E7B78AAE2}"
EndProject
Project("{FAE04EC0-301F-11D3-BF4B-00C04F79EFBC}") = "HslCommunicationPLCTool", "HslCommunicationPLC\HslCommunicationPLCTool.csproj", "{E6A42420-40AE-4116-A466-63EED8431A16}"
EndProject
Global
	GlobalSection(SolutionConfigurationPlatforms) = preSolution
		Debug|Any CPU = Debug|Any CPU
		Release|Any CPU = Release|Any CPU
	EndGlobalSection
	GlobalSection(ProjectConfigurationPlatforms) = postSolution
		{10DA0E99-FD46-4C3F-A87A-C5B66FCB4A87}.Debug|Any CPU.ActiveCfg = Debug|Any CPU
		{10DA0E99-FD46-4C3F-A87A-C5B66FCB4A87}.Debug|Any CPU.Build.0 = Debug|Any CPU
		{10DA0E99-FD46-4C3F-A87A-C5B66FCB4A87}.Release|Any CPU.ActiveCfg = Release|Any CPU
		{10DA0E99-FD46-4C3F-A87A-C5B66FCB4A87}.Release|Any CPU.Build.0 = Release|Any CPU
		{9F191071-9953-42EA-A7DB-8E525821462E}.Debug|Any CPU.ActiveCfg = Debug|Any CPU
		{9F191071-9953-42EA-A7DB-8E525821462E}.Debug|Any CPU.Build.0 = Debug|Any CPU
		{9F191071-9953-42EA-A7DB-8E525821462E}.Release|Any CPU.ActiveCfg = Release|Any CPU
		{9F191071-9953-42EA-A7DB-8E525821462E}.Release|Any CPU.Build.0 = Release|Any CPU
		{0A0D222E-0C76-4838-A8B1-6CA6F26CB225}.Debug|Any CPU.ActiveCfg = Debug|Any CPU
		{0A0D222E-0C76-4838-A8B1-6CA6F26CB225}.Debug|Any CPU.Build.0 = Debug|Any CPU
		{0A0D222E-0C76-4838-A8B1-6CA6F26CB225}.Release|Any CPU.ActiveCfg = Release|Any CPU
		{0A0D222E-0C76-4838-A8B1-6CA6F26CB225}.Release|Any CPU.Build.0 = Release|Any CPU
		{25DDA85B-35BE-429D-81B4-025731C0E826}.Debug|Any CPU.ActiveCfg = Debug|Any CPU
		{25DDA85B-35BE-429D-81B4-025731C0E826}.Debug|Any CPU.Build.0 = Debug|Any CPU
		{25DDA85B-35BE-429D-81B4-025731C0E826}.Release|Any CPU.ActiveCfg = Release|Any CPU
		{25DDA85B-35BE-429D-81B4-025731C0E826}.Release|Any CPU.Build.0 = Release|Any CPU
		{C40166B0-0F5D-4535-94A7-699764A59A83}.Debug|Any CPU.ActiveCfg = Debug|Any CPU
		{C40166B0-0F5D-4535-94A7-699764A59A83}.Debug|Any CPU.Build.0 = Debug|Any CPU
		{C40166B0-0F5D-4535-94A7-699764A59A83}.Release|Any CPU.ActiveCfg = Release|Any CPU
		{C40166B0-0F5D-4535-94A7-699764A59A83}.Release|Any CPU.Build.0 = Release|Any CPU
		{C09122BB-250E-4FE2-9880-1620A2B6CEA4}.Debug|Any CPU.ActiveCfg = Debug|Any CPU
		{C09122BB-250E-4FE2-9880-1620A2B6CEA4}.Debug|Any CPU.Build.0 = Debug|Any CPU
		{C09122BB-250E-4FE2-9880-1620A2B6CEA4}.Release|Any CPU.ActiveCfg = Release|Any CPU
		{C09122BB-250E-4FE2-9880-1620A2B6CEA4}.Release|Any CPU.Build.0 = Release|Any CPU
		{E6F732FE-3905-49A7-B2CF-B4FA79C2DC5D}.Debug|Any CPU.ActiveCfg = Debug|Any CPU
		{E6F732FE-3905-49A7-B2CF-B4FA79C2DC5D}.Debug|Any CPU.Build.0 = Debug|Any CPU
		{E6F732FE-3905-49A7-B2CF-B4FA79C2DC5D}.Release|Any CPU.ActiveCfg = Release|Any CPU
		{E6F732FE-3905-49A7-B2CF-B4FA79C2DC5D}.Release|Any CPU.Build.0 = Release|Any CPU
		{5F40F10A-F4CB-4056-8BA2-0D497FBE032B}.Debug|Any CPU.ActiveCfg = Debug|Any CPU
		{5F40F10A-F4CB-4056-8BA2-0D497FBE032B}.Debug|Any CPU.Build.0 = Debug|Any CPU
		{5F40F10A-F4CB-4056-8BA2-0D497FBE032B}.Release|Any CPU.ActiveCfg = Release|Any CPU
		{5F40F10A-F4CB-4056-8BA2-0D497FBE032B}.Release|Any CPU.Build.0 = Release|Any CPU
		{31DEB747-36CA-4A92-8DF1-89EEE47A0FA4}.Debug|Any CPU.ActiveCfg = Debug|Any CPU
		{31DEB747-36CA-4A92-8DF1-89EEE47A0FA4}.Debug|Any CPU.Build.0 = Debug|Any CPU
		{31DEB747-36CA-4A92-8DF1-89EEE47A0FA4}.Release|Any CPU.ActiveCfg = Release|Any CPU
		{31DEB747-36CA-4A92-8DF1-89EEE47A0FA4}.Release|Any CPU.Build.0 = Release|Any CPU
		{8AB5FAC9-7CC2-4EEC-B583-39778E66CE1F}.Debug|Any CPU.ActiveCfg = Debug|Any CPU
		{8AB5FAC9-7CC2-4EEC-B583-39778E66CE1F}.Debug|Any CPU.Build.0 = Debug|Any CPU
		{8AB5FAC9-7CC2-4EEC-B583-39778E66CE1F}.Release|Any CPU.ActiveCfg = Release|Any CPU
		{8AB5FAC9-7CC2-4EEC-B583-39778E66CE1F}.Release|Any CPU.Build.0 = Release|Any CPU
		{39A4C47B-C53B-4057-9DC5-93B8907639E8}.Debug|Any CPU.ActiveCfg = Debug|Any CPU
		{39A4C47B-C53B-4057-9DC5-93B8907639E8}.Debug|Any CPU.Build.0 = Debug|Any CPU
		{39A4C47B-C53B-4057-9DC5-93B8907639E8}.Release|Any CPU.ActiveCfg = Release|Any CPU
		{39A4C47B-C53B-4057-9DC5-93B8907639E8}.Release|Any CPU.Build.0 = Release|Any CPU
		{553BD8CF-F4C1-4B39-97AB-42CC2F7C8187}.Debug|Any CPU.ActiveCfg = Debug|Any CPU
		{553BD8CF-F4C1-4B39-97AB-42CC2F7C8187}.Debug|Any CPU.Build.0 = Debug|Any CPU
		{553BD8CF-F4C1-4B39-97AB-42CC2F7C8187}.Release|Any CPU.ActiveCfg = Release|Any CPU
		{553BD8CF-F4C1-4B39-97AB-42CC2F7C8187}.Release|Any CPU.Build.0 = Release|Any CPU
		{60C72719-D780-4BC8-9198-FC21C9754918}.Debug|Any CPU.ActiveCfg = Debug|Any CPU
		{60C72719-D780-4BC8-9198-FC21C9754918}.Debug|Any CPU.Build.0 = Debug|Any CPU
		{60C72719-D780-4BC8-9198-FC21C9754918}.Release|Any CPU.ActiveCfg = Release|Any CPU
		{60C72719-D780-4BC8-9198-FC21C9754918}.Release|Any CPU.Build.0 = Release|Any CPU
		{906DA4EE-6B8D-40C7-BD49-A410FEB1D2C8}.Debug|Any CPU.ActiveCfg = Debug|Any CPU
		{906DA4EE-6B8D-40C7-BD49-A410FEB1D2C8}.Debug|Any CPU.Build.0 = Debug|Any CPU
		{906DA4EE-6B8D-40C7-BD49-A410FEB1D2C8}.Release|Any CPU.ActiveCfg = Release|Any CPU
		{906DA4EE-6B8D-40C7-BD49-A410FEB1D2C8}.Release|Any CPU.Build.0 = Release|Any CPU
		{AD4818FF-FEFA-48F2-A7FE-F1007D3CFBBC}.Debug|Any CPU.ActiveCfg = Debug|Any CPU
		{AD4818FF-FEFA-48F2-A7FE-F1007D3CFBBC}.Debug|Any CPU.Build.0 = Debug|Any CPU
		{AD4818FF-FEFA-48F2-A7FE-F1007D3CFBBC}.Release|Any CPU.ActiveCfg = Release|Any CPU
		{AD4818FF-FEFA-48F2-A7FE-F1007D3CFBBC}.Release|Any CPU.Build.0 = Release|Any CPU
		{0BBE099E-8F0A-4712-A570-E90DD6EC7267}.Debug|Any CPU.ActiveCfg = Debug|Any CPU
		{0BBE099E-8F0A-4712-A570-E90DD6EC7267}.Debug|Any CPU.Build.0 = Debug|Any CPU
		{0BBE099E-8F0A-4712-A570-E90DD6EC7267}.Release|Any CPU.ActiveCfg = Release|Any CPU
		{0BBE099E-8F0A-4712-A570-E90DD6EC7267}.Release|Any CPU.Build.0 = Release|Any CPU
		{95116D24-80F9-4BDE-94CA-7F3567C76CDF}.Debug|Any CPU.ActiveCfg = Debug|Any CPU
		{95116D24-80F9-4BDE-94CA-7F3567C76CDF}.Debug|Any CPU.Build.0 = Debug|Any CPU
		{95116D24-80F9-4BDE-94CA-7F3567C76CDF}.Release|Any CPU.ActiveCfg = Release|Any CPU
		{95116D24-80F9-4BDE-94CA-7F3567C76CDF}.Release|Any CPU.Build.0 = Release|Any CPU
		{DCBE44B8-7C23-4DBA-86AE-9CA5F9CB3774}.Debug|Any CPU.ActiveCfg = Debug|Any CPU
		{DCBE44B8-7C23-4DBA-86AE-9CA5F9CB3774}.Debug|Any CPU.Build.0 = Debug|Any CPU
		{DCBE44B8-7C23-4DBA-86AE-9CA5F9CB3774}.Release|Any CPU.ActiveCfg = Release|Any CPU
		{DCBE44B8-7C23-4DBA-86AE-9CA5F9CB3774}.Release|Any CPU.Build.0 = Release|Any CPU
		{7D89F3EF-0FCA-4529-82C1-F5DEC4DB830A}.Debug|Any CPU.ActiveCfg = Debug|Any CPU
		{7D89F3EF-0FCA-4529-82C1-F5DEC4DB830A}.Debug|Any CPU.Build.0 = Debug|Any CPU
		{7D89F3EF-0FCA-4529-82C1-F5DEC4DB830A}.Release|Any CPU.ActiveCfg = Release|Any CPU
		{7D89F3EF-0FCA-4529-82C1-F5DEC4DB830A}.Release|Any CPU.Build.0 = Release|Any CPU
		{F439965F-F7A3-431B-8B1E-1FDB02AA31B9}.Debug|Any CPU.ActiveCfg = Debug|Any CPU
		{F439965F-F7A3-431B-8B1E-1FDB02AA31B9}.Debug|Any CPU.Build.0 = Debug|Any CPU
		{F439965F-F7A3-431B-8B1E-1FDB02AA31B9}.Release|Any CPU.ActiveCfg = Release|Any CPU
		{F439965F-F7A3-431B-8B1E-1FDB02AA31B9}.Release|Any CPU.Build.0 = Release|Any CPU
		{635863DE-4C01-4C8F-BB83-6086478F677B}.Debug|Any CPU.ActiveCfg = Debug|Any CPU
		{635863DE-4C01-4C8F-BB83-6086478F677B}.Debug|Any CPU.Build.0 = Debug|Any CPU
		{635863DE-4C01-4C8F-BB83-6086478F677B}.Release|Any CPU.ActiveCfg = Release|Any CPU
		{635863DE-4C01-4C8F-BB83-6086478F677B}.Release|Any CPU.Build.0 = Release|Any CPU
		{30F65FAA-8471-4EC4-8EA3-5A4E7B78AAE2}.Debug|Any CPU.ActiveCfg = Debug|Any CPU
		{30F65FAA-8471-4EC4-8EA3-5A4E7B78AAE2}.Debug|Any CPU.Build.0 = Debug|Any CPU
		{30F65FAA-8471-4EC4-8EA3-5A4E7B78AAE2}.Release|Any CPU.ActiveCfg = Release|Any CPU
		{30F65FAA-8471-4EC4-8EA3-5A4E7B78AAE2}.Release|Any CPU.Build.0 = Release|Any CPU
		{E6A42420-40AE-4116-A466-63EED8431A16}.Debug|Any CPU.ActiveCfg = Debug|Any CPU
		{E6A42420-40AE-4116-A466-63EED8431A16}.Debug|Any CPU.Build.0 = Debug|Any CPU
		{E6A42420-40AE-4116-A466-63EED8431A16}.Release|Any CPU.ActiveCfg = Release|Any CPU
		{E6A42420-40AE-4116-A466-63EED8431A16}.Release|Any CPU.Build.0 = Release|Any CPU
	EndGlobalSection
	GlobalSection(SolutionProperties) = preSolution
		HideSolutionNode = FALSE
	EndGlobalSection
	GlobalSection(NestedProjects) = preSolution
		{B0F1BD7B-4A17-4254-9152-6DB17F5D76E7} = {08D6C32B-6FB2-4B87-96FD-94DD19901C8F}
		{099F4337-36A1-4962-8414-92CBD811E2E6} = {08D6C32B-6FB2-4B87-96FD-94DD19901C8F}
	EndGlobalSection
	GlobalSection(ExtensibilityGlobals) = postSolution
		SolutionGuid = {6263D58B-FD44-44E9-9C09-215EAEA0AA01}
	EndGlobalSection
EndGlobal
