
Microsoft Visual Studio Solution File, Format Version 12.00
# Visual Studio Version 16
VisualStudioVersion = 16.0.32002.261
MinimumVisualStudioVersion = 10.0.40219.1
Project("{FAE04EC0-301F-11D3-BF4B-00C04F79EFBC}") = "Mirle.ASRS.Conveyors", "Mirle.ASRS.Conveyors\Mirle.ASRS.Conveyors.csproj", "{20D2F96E-F248-4E52-9F5A-F1CF028F8E98}"
EndProject
Project("{FAE04EC0-301F-11D3-BF4B-00C04F79EFBC}") = "Mirle", "Mirle\Mirle.csproj", "{3B2A6F5E-CE8F-4A70-9080-162B60073C70}"
EndProject
Project("{FAE04EC0-301F-11D3-BF4B-00C04F79EFBC}") = "Mirle.MPLC.MCProtocol", "Mirle.MPLC.MCProtocol\Mirle.MPLC.MCProtocol.csproj", "{10DA0E99-FD46-4C3F-A87A-C5B66FCB4A87}"
EndProject
Project("{FAE04EC0-301F-11D3-BF4B-00C04F79EFBC}") = "WCS_API_Server", "WCS_API_Server\WCS_API_Server.csproj", "{9F191071-9953-42EA-A7DB-8E525821462E}"
EndProject
Project("{FAE04EC0-301F-11D3-BF4B-00C04F79EFBC}") = "Mirle.Structure", "Mirle.Structure\Mirle.Structure.csproj", "{0A0D222E-0C76-4838-A8B1-6CA6F26CB225}"
EndProject
Project("{FAE04EC0-301F-11D3-BF4B-00C04F79EFBC}") = "Mirle.DB.Object", "Mirle.DB.Object\Mirle.DB.Object.csproj", "{25DDA85B-35BE-429D-81B4-025731C0E826}"
EndProject
Project("{FAE04EC0-301F-11D3-BF4B-00C04F79EFBC}") = "Mirle.DB.Fun", "Mirle.DB.Fun\Mirle.DB.Fun.csproj", "{C40166B0-0F5D-4535-94A7-699764A59A83}"
EndProject
Project("{FAE04EC0-301F-11D3-BF4B-00C04F79EFBC}") = "WCS_API_Client", "WCS_API_Client\WCS_API_Client.csproj", "{C09122BB-250E-4FE2-9880-1620A2B6CEA4}"
EndProject
Project("{FAE04EC0-301F-11D3-BF4B-00C04F79EFBC}") = "Test", "Testing\Test.csproj", "{EB6A4DE5-8B07-4295-B71E-46F2A4F2DEBE}"
EndProject
Project("{FAE04EC0-301F-11D3-BF4B-00C04F79EFBC}") = "Mirle.Def.U0NXMA30", "Mirle.Def.U0NXMA30\Mirle.Def.U0NXMA30.csproj", "{E6F732FE-3905-49A7-B2CF-B4FA79C2DC5D}"
EndProject
Project("{FAE04EC0-301F-11D3-BF4B-00C04F79EFBC}") = "Mirle.ASRS.WCS", "Mirle.ASRS.WCS\Mirle.ASRS.WCS.csproj", "{5F40F10A-F4CB-4056-8BA2-0D497FBE032B}"
EndProject
Project("{FAE04EC0-301F-11D3-BF4B-00C04F79EFBC}") = "Mirle.DB.ClearCmd.Proc", "Mirle.DB.ClearCmd.Proc\Mirle.DB.ClearCmd.Proc.csproj", "{31DEB747-36CA-4A92-8DF1-89EEE47A0FA4}"
EndProject
Project("{FAE04EC0-301F-11D3-BF4B-00C04F79EFBC}") = "Mirle.Grid", "Mirle.Grid\Mirle.Grid.csproj", "{8AB5FAC9-7CC2-4EEC-B583-39778E66CE1F}"
EndProject
Project("{FAE04EC0-301F-11D3-BF4B-00C04F79EFBC}") = "Mirle.Grid.U0NXMA30", "Mirle.Grid.U0NXMA30\Mirle.Grid.U0NXMA30.csproj", "{39A4C47B-C53B-4057-9DC5-93B8907639E8}"
EndProject
Project("{2150E333-8FDC-42A3-9474-1A3956D46DE8}") = "DLL", "DLL", "{B77665DF-BD94-48CE-8933-A2B5D28D5F10}"
	ProjectSection(SolutionItems) = preProject
		DLL\Mirle.ASRS.Close.Program.exe = DLL\Mirle.ASRS.Close.Program.exe
		DLL\Mirle.WriLog.dll = DLL\Mirle.WriLog.dll
		DLL\System.Web.dll = DLL\System.Web.dll
		DLL\System.Web.Http.dll = DLL\System.Web.Http.dll
		DLL\System.Web.Http.Owin.dll = DLL\System.Web.Http.Owin.dll
	EndProjectSection
EndProject
Project("{FAE04EC0-301F-11D3-BF4B-00C04F79EFBC}") = "Mirle.DB.WMS.Proc", "Mirle.DB.WMS.Proc\Mirle.DB.WMS.Proc.csproj", "{553BD8CF-F4C1-4B39-97AB-42CC2F7C8187}"
EndProject
Project("{FAE04EC0-301F-11D3-BF4B-00C04F79EFBC}") = "Mirle.DB.Proc", "Mirle.DB.Proc\Mirle.DB.Proc.csproj", "{60C72719-D780-4BC8-9198-FC21C9754918}"
EndProject
Project("{FAE04EC0-301F-11D3-BF4B-00C04F79EFBC}") = "Mirle.Def", "Mirle.Def\Mirle.Def.csproj", "{906DA4EE-6B8D-40C7-BD49-A410FEB1D2C8}"
EndProject
Project("{FAE04EC0-301F-11D3-BF4B-00C04F79EFBC}") = "Mirle.DB.WMS.Fun", "Mirle.DB.WMS.Fun\Mirle.DB.WMS.Fun.csproj", "{AD4818FF-FEFA-48F2-A7FE-F1007D3CFBBC}"
EndProject
Project("{FAE04EC0-301F-11D3-BF4B-00C04F79EFBC}") = "Mirle.ASRS.WCS.Controller", "Mirle.ASRS.WCS.Controller\Mirle.ASRS.WCS.Controller.csproj", "{0BBE099E-8F0A-4712-A570-E90DD6EC7267}"
EndProject
Project("{FAE04EC0-301F-11D3-BF4B-00C04F79EFBC}") = "Mirle.ASRS.WCS.Model", "Mirle.ASRS.WCS.Model\Mirle.ASRS.WCS.Model.csproj", "{95116D24-80F9-4BDE-94CA-7F3567C76CDF}"
EndProject
Project("{2150E333-8FDC-42A3-9474-1A3956D46DE8}") = "Documents", "Documents", "{08D6C32B-6FB2-4B87-96FD-94DD19901C8F}"
	ProjectSection(SolutionItems) = preProject
		..\Documents\Remark.xlsx = ..\Documents\Remark.xlsx
		..\Documents\Trace.xlsx = ..\Documents\Trace.xlsx
	EndProjectSection
EndProject
Project("{2150E333-8FDC-42A3-9474-1A3956D46DE8}") = "WebAPI Service", "WebAPI Service", "{1C909E7F-D06C-4979-8F67-6F6A50556387}"
	ProjectSection(SolutionItems) = preProject
		..\Documents\WebAPI Service\金頂WCS、WMS Web Service API 2021222.xlsx = ..\Documents\WebAPI Service\金頂WCS、WMS Web Service API 2021222.xlsx
		..\Documents\WebAPI Service\金頂WCS、WMS Web Service API 2021228.xlsx = ..\Documents\WebAPI Service\金頂WCS、WMS Web Service API 2021228.xlsx
		..\Documents\WebAPI Service\金頂WCS、WMS Web Service API 20220105.xlsx = ..\Documents\WebAPI Service\金頂WCS、WMS Web Service API 20220105.xlsx
	EndProjectSection
EndProject
Project("{2150E333-8FDC-42A3-9474-1A3956D46DE8}") = "Schedules", "Schedules", "{2D582D2F-535F-431B-A611-5F85AAAB545C}"
	ProjectSection(SolutionItems) = preProject
		..\Documents\Schedules\金頂_自動倉庫工程進度_20211007.pdf = ..\Documents\Schedules\金頂_自動倉庫工程進度_20211007.pdf
		..\Documents\Schedules\金頂自動倉庫_專案-進度表0720-會議版.xlsx = ..\Documents\Schedules\金頂自動倉庫_專案-進度表0720-會議版.xlsx
	EndProjectSection
EndProject
Project("{2150E333-8FDC-42A3-9474-1A3956D46DE8}") = "Meeting Records", "Meeting Records", "{76DE24F1-5BC0-4DCF-9524-C1114F2F30FB}"
	ProjectSection(SolutionItems) = preProject
		..\Documents\金頂_ASRS_v5規劃資料20200428.pptx = ..\Documents\金頂_ASRS_v5規劃資料20200428.pptx
		..\Documents\Meeting Recoords\金頂開發討論.pptx = ..\Documents\Meeting Recoords\金頂開發討論.pptx
	EndProjectSection
EndProject
Project("{2150E333-8FDC-42A3-9474-1A3956D46DE8}") = "通訊協定", "通訊協定", "{B0F1BD7B-4A17-4254-9152-6DB17F5D76E7}"
	ProjectSection(SolutionItems) = preProject
		..\Documents\金頂ASRS_週邊輸送機通訊協定-V_1.0.0.0.xlsx = ..\Documents\金頂ASRS_週邊輸送機通訊協定-V_1.0.0.0.xlsx
	EndProjectSection
EndProject
Project("{2150E333-8FDC-42A3-9474-1A3956D46DE8}") = "Layout", "Layout", "{124CFB59-D643-4136-87B5-3019B1F4DA40}"
	ProjectSection(SolutionItems) = preProject
		..\Documents\1HFFAK01.dwg = ..\Documents\1HFFAK01.dwg
	EndProjectSection
EndProject
Global
	GlobalSection(SolutionConfigurationPlatforms) = preSolution
		Debug|Any CPU = Debug|Any CPU
		Release|Any CPU = Release|Any CPU
	EndGlobalSection
	GlobalSection(ProjectConfigurationPlatforms) = postSolution
		{20D2F96E-F248-4E52-9F5A-F1CF028F8E98}.Debug|Any CPU.ActiveCfg = Debug|Any CPU
		{20D2F96E-F248-4E52-9F5A-F1CF028F8E98}.Debug|Any CPU.Build.0 = Debug|Any CPU
		{20D2F96E-F248-4E52-9F5A-F1CF028F8E98}.Release|Any CPU.ActiveCfg = Release|Any CPU
		{20D2F96E-F248-4E52-9F5A-F1CF028F8E98}.Release|Any CPU.Build.0 = Release|Any CPU
		{3B2A6F5E-CE8F-4A70-9080-162B60073C70}.Debug|Any CPU.ActiveCfg = Debug|Any CPU
		{3B2A6F5E-CE8F-4A70-9080-162B60073C70}.Debug|Any CPU.Build.0 = Debug|Any CPU
		{3B2A6F5E-CE8F-4A70-9080-162B60073C70}.Release|Any CPU.ActiveCfg = Release|Any CPU
		{3B2A6F5E-CE8F-4A70-9080-162B60073C70}.Release|Any CPU.Build.0 = Release|Any CPU
		{10DA0E99-FD46-4C3F-A87A-C5B66FCB4A87}.Debug|Any CPU.ActiveCfg = Debug|Any CPU
		{10DA0E99-FD46-4C3F-A87A-C5B66FCB4A87}.Debug|Any CPU.Build.0 = Debug|Any CPU
		{10DA0E99-FD46-4C3F-A87A-C5B66FCB4A87}.Release|Any CPU.ActiveCfg = Release|Any CPU
		{10DA0E99-FD46-4C3F-A87A-C5B66FCB4A87}.Release|Any CPU.Build.0 = Release|Any CPU
		{9F191071-9953-42EA-A7DB-8E525821462E}.Debug|Any CPU.ActiveCfg = Debug|Any CPU
		{9F191071-9953-42EA-A7DB-8E525821462E}.Debug|Any CPU.Build.0 = Debug|Any CPU
		{9F191071-9953-42EA-A7DB-8E525821462E}.Release|Any CPU.ActiveCfg = Release|Any CPU
		{9F191071-9953-42EA-A7DB-8E525821462E}.Release|Any CPU.Build.0 = Release|Any CPU
		{0A0D222E-0C76-4838-A8B1-6CA6F26CB225}.Debug|Any CPU.ActiveCfg = Debug|Any CPU
		{0A0D222E-0C76-4838-A8B1-6CA6F26CB225}.Debug|Any CPU.Build.0 = Debug|Any CPU
		{0A0D222E-0C76-4838-A8B1-6CA6F26CB225}.Release|Any CPU.ActiveCfg = Release|Any CPU
		{0A0D222E-0C76-4838-A8B1-6CA6F26CB225}.Release|Any CPU.Build.0 = Release|Any CPU
		{25DDA85B-35BE-429D-81B4-025731C0E826}.Debug|Any CPU.ActiveCfg = Debug|Any CPU
		{25DDA85B-35BE-429D-81B4-025731C0E826}.Debug|Any CPU.Build.0 = Debug|Any CPU
		{25DDA85B-35BE-429D-81B4-025731C0E826}.Release|Any CPU.ActiveCfg = Release|Any CPU
		{25DDA85B-35BE-429D-81B4-025731C0E826}.Release|Any CPU.Build.0 = Release|Any CPU
		{C40166B0-0F5D-4535-94A7-699764A59A83}.Debug|Any CPU.ActiveCfg = Debug|Any CPU
		{C40166B0-0F5D-4535-94A7-699764A59A83}.Debug|Any CPU.Build.0 = Debug|Any CPU
		{C40166B0-0F5D-4535-94A7-699764A59A83}.Release|Any CPU.ActiveCfg = Release|Any CPU
		{C40166B0-0F5D-4535-94A7-699764A59A83}.Release|Any CPU.Build.0 = Release|Any CPU
		{C09122BB-250E-4FE2-9880-1620A2B6CEA4}.Debug|Any CPU.ActiveCfg = Debug|Any CPU
		{C09122BB-250E-4FE2-9880-1620A2B6CEA4}.Debug|Any CPU.Build.0 = Debug|Any CPU
		{C09122BB-250E-4FE2-9880-1620A2B6CEA4}.Release|Any CPU.ActiveCfg = Release|Any CPU
		{C09122BB-250E-4FE2-9880-1620A2B6CEA4}.Release|Any CPU.Build.0 = Release|Any CPU
		{EB6A4DE5-8B07-4295-B71E-46F2A4F2DEBE}.Debug|Any CPU.ActiveCfg = Debug|Any CPU
		{EB6A4DE5-8B07-4295-B71E-46F2A4F2DEBE}.Debug|Any CPU.Build.0 = Debug|Any CPU
		{EB6A4DE5-8B07-4295-B71E-46F2A4F2DEBE}.Release|Any CPU.ActiveCfg = Release|Any CPU
		{EB6A4DE5-8B07-4295-B71E-46F2A4F2DEBE}.Release|Any CPU.Build.0 = Release|Any CPU
		{E6F732FE-3905-49A7-B2CF-B4FA79C2DC5D}.Debug|Any CPU.ActiveCfg = Debug|Any CPU
		{E6F732FE-3905-49A7-B2CF-B4FA79C2DC5D}.Debug|Any CPU.Build.0 = Debug|Any CPU
		{E6F732FE-3905-49A7-B2CF-B4FA79C2DC5D}.Release|Any CPU.ActiveCfg = Release|Any CPU
		{E6F732FE-3905-49A7-B2CF-B4FA79C2DC5D}.Release|Any CPU.Build.0 = Release|Any CPU
		{5F40F10A-F4CB-4056-8BA2-0D497FBE032B}.Debug|Any CPU.ActiveCfg = Debug|Any CPU
		{5F40F10A-F4CB-4056-8BA2-0D497FBE032B}.Debug|Any CPU.Build.0 = Debug|Any CPU
		{5F40F10A-F4CB-4056-8BA2-0D497FBE032B}.Release|Any CPU.ActiveCfg = Release|Any CPU
		{5F40F10A-F4CB-4056-8BA2-0D497FBE032B}.Release|Any CPU.Build.0 = Release|Any CPU
		{31DEB747-36CA-4A92-8DF1-89EEE47A0FA4}.Debug|Any CPU.ActiveCfg = Debug|Any CPU
		{31DEB747-36CA-4A92-8DF1-89EEE47A0FA4}.Debug|Any CPU.Build.0 = Debug|Any CPU
		{31DEB747-36CA-4A92-8DF1-89EEE47A0FA4}.Release|Any CPU.ActiveCfg = Release|Any CPU
		{31DEB747-36CA-4A92-8DF1-89EEE47A0FA4}.Release|Any CPU.Build.0 = Release|Any CPU
		{8AB5FAC9-7CC2-4EEC-B583-39778E66CE1F}.Debug|Any CPU.ActiveCfg = Debug|Any CPU
		{8AB5FAC9-7CC2-4EEC-B583-39778E66CE1F}.Debug|Any CPU.Build.0 = Debug|Any CPU
		{8AB5FAC9-7CC2-4EEC-B583-39778E66CE1F}.Release|Any CPU.ActiveCfg = Release|Any CPU
		{8AB5FAC9-7CC2-4EEC-B583-39778E66CE1F}.Release|Any CPU.Build.0 = Release|Any CPU
		{39A4C47B-C53B-4057-9DC5-93B8907639E8}.Debug|Any CPU.ActiveCfg = Debug|Any CPU
		{39A4C47B-C53B-4057-9DC5-93B8907639E8}.Debug|Any CPU.Build.0 = Debug|Any CPU
		{39A4C47B-C53B-4057-9DC5-93B8907639E8}.Release|Any CPU.ActiveCfg = Release|Any CPU
		{39A4C47B-C53B-4057-9DC5-93B8907639E8}.Release|Any CPU.Build.0 = Release|Any CPU
		{553BD8CF-F4C1-4B39-97AB-42CC2F7C8187}.Debug|Any CPU.ActiveCfg = Debug|Any CPU
		{553BD8CF-F4C1-4B39-97AB-42CC2F7C8187}.Debug|Any CPU.Build.0 = Debug|Any CPU
		{553BD8CF-F4C1-4B39-97AB-42CC2F7C8187}.Release|Any CPU.ActiveCfg = Release|Any CPU
		{553BD8CF-F4C1-4B39-97AB-42CC2F7C8187}.Release|Any CPU.Build.0 = Release|Any CPU
		{60C72719-D780-4BC8-9198-FC21C9754918}.Debug|Any CPU.ActiveCfg = Debug|Any CPU
		{60C72719-D780-4BC8-9198-FC21C9754918}.Debug|Any CPU.Build.0 = Debug|Any CPU
		{60C72719-D780-4BC8-9198-FC21C9754918}.Release|Any CPU.ActiveCfg = Release|Any CPU
		{60C72719-D780-4BC8-9198-FC21C9754918}.Release|Any CPU.Build.0 = Release|Any CPU
		{906DA4EE-6B8D-40C7-BD49-A410FEB1D2C8}.Debug|Any CPU.ActiveCfg = Debug|Any CPU
		{906DA4EE-6B8D-40C7-BD49-A410FEB1D2C8}.Debug|Any CPU.Build.0 = Debug|Any CPU
		{906DA4EE-6B8D-40C7-BD49-A410FEB1D2C8}.Release|Any CPU.ActiveCfg = Release|Any CPU
		{906DA4EE-6B8D-40C7-BD49-A410FEB1D2C8}.Release|Any CPU.Build.0 = Release|Any CPU
		{AD4818FF-FEFA-48F2-A7FE-F1007D3CFBBC}.Debug|Any CPU.ActiveCfg = Debug|Any CPU
		{AD4818FF-FEFA-48F2-A7FE-F1007D3CFBBC}.Debug|Any CPU.Build.0 = Debug|Any CPU
		{AD4818FF-FEFA-48F2-A7FE-F1007D3CFBBC}.Release|Any CPU.ActiveCfg = Release|Any CPU
		{AD4818FF-FEFA-48F2-A7FE-F1007D3CFBBC}.Release|Any CPU.Build.0 = Release|Any CPU
		{0BBE099E-8F0A-4712-A570-E90DD6EC7267}.Debug|Any CPU.ActiveCfg = Debug|Any CPU
		{0BBE099E-8F0A-4712-A570-E90DD6EC7267}.Debug|Any CPU.Build.0 = Debug|Any CPU
		{0BBE099E-8F0A-4712-A570-E90DD6EC7267}.Release|Any CPU.ActiveCfg = Release|Any CPU
		{0BBE099E-8F0A-4712-A570-E90DD6EC7267}.Release|Any CPU.Build.0 = Release|Any CPU
		{95116D24-80F9-4BDE-94CA-7F3567C76CDF}.Debug|Any CPU.ActiveCfg = Debug|Any CPU
		{95116D24-80F9-4BDE-94CA-7F3567C76CDF}.Debug|Any CPU.Build.0 = Debug|Any CPU
		{95116D24-80F9-4BDE-94CA-7F3567C76CDF}.Release|Any CPU.ActiveCfg = Release|Any CPU
		{95116D24-80F9-4BDE-94CA-7F3567C76CDF}.Release|Any CPU.Build.0 = Release|Any CPU
	EndGlobalSection
	GlobalSection(SolutionProperties) = preSolution
		HideSolutionNode = FALSE
	EndGlobalSection
	GlobalSection(NestedProjects) = preSolution
		{1C909E7F-D06C-4979-8F67-6F6A50556387} = {08D6C32B-6FB2-4B87-96FD-94DD19901C8F}
		{2D582D2F-535F-431B-A611-5F85AAAB545C} = {08D6C32B-6FB2-4B87-96FD-94DD19901C8F}
		{76DE24F1-5BC0-4DCF-9524-C1114F2F30FB} = {08D6C32B-6FB2-4B87-96FD-94DD19901C8F}
		{B0F1BD7B-4A17-4254-9152-6DB17F5D76E7} = {08D6C32B-6FB2-4B87-96FD-94DD19901C8F}
		{124CFB59-D643-4136-87B5-3019B1F4DA40} = {08D6C32B-6FB2-4B87-96FD-94DD19901C8F}
	EndGlobalSection
	GlobalSection(ExtensibilityGlobals) = postSolution
		SolutionGuid = {6263D58B-FD44-44E9-9C09-215EAEA0AA01}
	EndGlobalSection
EndGlobal
