
Microsoft Visual Studio Solution File, Format Version 12.00
# Visual Studio Version 16
VisualStudioVersion = 16.0.32002.261
MinimumVisualStudioVersion = 10.0.40219.1
Project("{9A19103F-16F7-4668-BE54-9A1E7A4F7556}") = "Mirle.IASC", "Mirle.IASC\Mirle.IASC.csproj", "{23448053-9CA8-4FE8-8C01-8CF0E8ADE21A}"
EndProject
Global
	GlobalSection(SolutionConfigurationPlatforms) = preSolution
		Debug|Any CPU = Debug|Any CPU
		Release|Any CPU = Release|Any CPU
	EndGlobalSection
	GlobalSection(ProjectConfigurationPlatforms) = postSolution
		{23448053-9CA8-4FE8-8C01-8CF0E8ADE21A}.Debug|Any CPU.ActiveCfg = Debug|Any CPU
		{23448053-9CA8-4FE8-8C01-8CF0E8ADE21A}.Debug|Any CPU.Build.0 = Debug|Any CPU
		{23448053-9CA8-4FE8-8C01-8CF0E8ADE21A}.Release|Any CPU.ActiveCfg = Release|Any CPU
		{23448053-9CA8-4FE8-8C01-8CF0E8ADE21A}.Release|Any CPU.Build.0 = Release|Any CPU
	EndGlobalSection
	GlobalSection(SolutionProperties) = preSolution
		HideSolutionNode = FALSE
	EndGlobalSection
	GlobalSection(ExtensibilityGlobals) = postSolution
		SolutionGuid = {4E08B435-71DD-41B5-B6FD-62D70FEDB6A8}
	EndGlobalSection
EndGlobal
